
Microsoft Visual Studio Solution File, Format Version 12.00
# Visual Studio Version 16
VisualStudioVersion = 16.0.34114.132
MinimumVisualStudioVersion = 10.0.40219.1
Project("{FAE04EC0-301F-11D3-BF4B-00C04F79EFBC}") = "Appointment", "Appointment\Appointment.csproj", "{69CDF824-C592-4477-99CF-56DCE1B371CC}"
EndProject
Global
	GlobalSection(SolutionConfigurationPlatforms) = preSolution
		Debug|Any CPU = Debug|Any CPU
		Release|Any CPU = Release|Any CPU
	EndGlobalSection
	GlobalSection(ProjectConfigurationPlatforms) = postSolution
		{69CDF824-C592-4477-99CF-56DCE1B371CC}.Debug|Any CPU.ActiveCfg = Debug|Any CPU
		{69CDF824-C592-4477-99CF-56DCE1B371CC}.Debug|Any CPU.Build.0 = Debug|Any CPU
		{69CDF824-C592-4477-99CF-56DCE1B371CC}.Release|Any CPU.ActiveCfg = Release|Any CPU
		{69CDF824-C592-4477-99CF-56DCE1B371CC}.Release|Any CPU.Build.0 = Release|Any CPU
	EndGlobalSection
	GlobalSection(SolutionProperties) = preSolution
		HideSolutionNode = FALSE
	EndGlobalSection
	GlobalSection(ExtensibilityGlobals) = postSolution
		SolutionGuid = {5C58ADF5-5C5D-4C7F-A4F1-CCB018A1231E}
	EndGlobalSection
EndGlobal
